
Microsoft Visual Studio Solution File, Format Version 12.00
# Visual Studio 15
Project("{FAE04EC0-301F-11D3-BF4B-00C04F79EFBC}") = "Assembly-CSharp", "Assembly-CSharp.csproj", "{A98DDD47-7262-95FA-B8F0-64F498E927F2}"
EndProject
Project("{FAE04EC0-301F-11D3-BF4B-00C04F79EFBC}") = "Assembly-CSharp-Editor", "Assembly-CSharp-Editor.csproj", "{179CF001-9E76-D666-A46C-288C2C813617}"
EndProject
Global
	GlobalSection(SolutionConfigurationPlatforms) = preSolution
		Debug|Any CPU = Debug|Any CPU
		Release|Any CPU = Release|Any CPU
	EndGlobalSection
	GlobalSection(ProjectConfigurationPlatforms) = postSolution
		{A98DDD47-7262-95FA-B8F0-64F498E927F2}.Debug|Any CPU.ActiveCfg = Debug|Any CPU
		{A98DDD47-7262-95FA-B8F0-64F498E927F2}.Debug|Any CPU.Build.0 = Debug|Any CPU
		{A98DDD47-7262-95FA-B8F0-64F498E927F2}.Release|Any CPU.ActiveCfg = Release|Any CPU
		{A98DDD47-7262-95FA-B8F0-64F498E927F2}.Release|Any CPU.Build.0 = Release|Any CPU
		{179CF001-9E76-D666-A46C-288C2C813617}.Debug|Any CPU.ActiveCfg = Debug|Any CPU
		{179CF001-9E76-D666-A46C-288C2C813617}.Debug|Any CPU.Build.0 = Debug|Any CPU
		{179CF001-9E76-D666-A46C-288C2C813617}.Release|Any CPU.ActiveCfg = Release|Any CPU
		{179CF001-9E76-D666-A46C-288C2C813617}.Release|Any CPU.Build.0 = Release|Any CPU
	EndGlobalSection
	GlobalSection(SolutionProperties) = preSolution
		HideSolutionNode = FALSE
	EndGlobalSection
EndGlobal
